{
  "name": "phase-2-project-dictionary",
  "lockfileVersion": 2,
  "requires": true,
  "packages": {
    "": {
      "dependencies": {
        "random-word-slugs": "^0.1.5"
      }
    },
    "node_modules/random-word-slugs": {
      "version": "0.1.5",
      "resolved": "https://registry.npmjs.org/random-word-slugs/-/random-word-slugs-0.1.5.tgz",
      "integrity": "sha512-mzMx+sCOHf0UauODKJ/Q5t3IT8zWdSDg2JPhNRf2is9gurN8vvsv7uB85XwO5E5A3HdKCB9VCym0bF6w3KAb+Q=="
    }
  },
  "dependencies": {
    "random-word-slugs": {
      "version": "0.1.5",
      "resolved": "https://registry.npmjs.org/random-word-slugs/-/random-word-slugs-0.1.5.tgz",
      "integrity": "sha512-mzMx+sCOHf0UauODKJ/Q5t3IT8zWdSDg2JPhNRf2is9gurN8vvsv7uB85XwO5E5A3HdKCB9VCym0bF6w3KAb+Q=="
    }
  }
}
